
Microsoft Visual Studio Solution File, Format Version 12.00
# Visual Studio Version 16
VisualStudioVersion = 16.0.31205.134
MinimumVisualStudioVersion = 10.0.40219.1
Project("{FAE04EC0-301F-11D3-BF4B-00C04F79EFBC}") = "ConfigEditor", "ConfigEditor.csproj", "{6548939B-8CF8-42B9-A93A-68F6FBF5C7DF}"
EndProject
Project("{FAE04EC0-301F-11D3-BF4B-00C04F79EFBC}") = "NUnitTest", "..\NUnitTest\NUnitTest.csproj", "{14DB0AB2-B973-4226-8D3B-7DB0FA1A8091}"
EndProject
Global
	GlobalSection(SolutionConfigurationPlatforms) = preSolution
		Debug|Any CPU = Debug|Any CPU
		Release|Any CPU = Release|Any CPU
	EndGlobalSection
	GlobalSection(ProjectConfigurationPlatforms) = postSolution
		{6548939B-8CF8-42B9-A93A-68F6FBF5C7DF}.Debug|Any CPU.ActiveCfg = Debug|Any CPU
		{6548939B-8CF8-42B9-A93A-68F6FBF5C7DF}.Debug|Any CPU.Build.0 = Debug|Any CPU
		{6548939B-8CF8-42B9-A93A-68F6FBF5C7DF}.Release|Any CPU.ActiveCfg = Release|Any CPU
		{6548939B-8CF8-42B9-A93A-68F6FBF5C7DF}.Release|Any CPU.Build.0 = Release|Any CPU
		{14DB0AB2-B973-4226-8D3B-7DB0FA1A8091}.Debug|Any CPU.ActiveCfg = Debug|Any CPU
		{14DB0AB2-B973-4226-8D3B-7DB0FA1A8091}.Debug|Any CPU.Build.0 = Debug|Any CPU
		{14DB0AB2-B973-4226-8D3B-7DB0FA1A8091}.Release|Any CPU.ActiveCfg = Release|Any CPU
		{14DB0AB2-B973-4226-8D3B-7DB0FA1A8091}.Release|Any CPU.Build.0 = Release|Any CPU
	EndGlobalSection
	GlobalSection(SolutionProperties) = preSolution
		HideSolutionNode = FALSE
	EndGlobalSection
	GlobalSection(ExtensibilityGlobals) = postSolution
		SolutionGuid = {FD5ED231-2EA1-454B-8A77-98BD4270AAB2}
	EndGlobalSection
EndGlobal
